
Microsoft Visual Studio Solution File, Format Version 12.00
# Visual Studio 14
VisualStudioVersion = 14.0.25123.0
MinimumVisualStudioVersion = 10.0.40219.1
Project("{FAE04EC0-301F-11D3-BF4B-00C04F79EFBC}") = "ModManager", "ModManager\ModManager.csproj", "{8B86A3C8-3234-405D-BA3C-0E58DA65D8AF}"
EndProject
Project("{FAE04EC0-301F-11D3-BF4B-00C04F79EFBC}") = "ModManagerHelper", "ModManagerHelper\ModManagerHelper.csproj", "{A0930ED2-3A47-4808-B071-AA91EFFEC505}"
EndProject
Project("{FAE04EC0-301F-11D3-BF4B-00C04F79EFBC}") = "HacknetModManager", "HacknetModManager\HacknetModManager.csproj", "{199B4268-F8B6-4590-B70D-A27C6EB036AA}"
EndProject
Global
	GlobalSection(SolutionConfigurationPlatforms) = preSolution
		Debug|Any CPU = Debug|Any CPU
		Release|Any CPU = Release|Any CPU
	EndGlobalSection
	GlobalSection(ProjectConfigurationPlatforms) = postSolution
		{8B86A3C8-3234-405D-BA3C-0E58DA65D8AF}.Debug|Any CPU.ActiveCfg = Debug|Any CPU
		{8B86A3C8-3234-405D-BA3C-0E58DA65D8AF}.Release|Any CPU.ActiveCfg = Release|Any CPU
		{8B86A3C8-3234-405D-BA3C-0E58DA65D8AF}.Release|Any CPU.Build.0 = Release|Any CPU
		{A0930ED2-3A47-4808-B071-AA91EFFEC505}.Debug|Any CPU.ActiveCfg = Debug|Any CPU
		{A0930ED2-3A47-4808-B071-AA91EFFEC505}.Release|Any CPU.ActiveCfg = Release|Any CPU
		{A0930ED2-3A47-4808-B071-AA91EFFEC505}.Release|Any CPU.Build.0 = Release|Any CPU
		{199B4268-F8B6-4590-B70D-A27C6EB036AA}.Debug|Any CPU.ActiveCfg = Debug|Any CPU
		{199B4268-F8B6-4590-B70D-A27C6EB036AA}.Debug|Any CPU.Build.0 = Debug|Any CPU
		{199B4268-F8B6-4590-B70D-A27C6EB036AA}.Release|Any CPU.ActiveCfg = Release|Any CPU
		{199B4268-F8B6-4590-B70D-A27C6EB036AA}.Release|Any CPU.Build.0 = Release|Any CPU
	EndGlobalSection
	GlobalSection(SolutionProperties) = preSolution
		HideSolutionNode = FALSE
	EndGlobalSection
EndGlobal
